
Microsoft Visual Studio Solution File, Format Version 12.00
# Visual Studio Version 16
VisualStudioVersion = 16.0.31205.134
MinimumVisualStudioVersion = 10.0.40219.1
Project("{FAE04EC0-301F-11D3-BF4B-00C04F79EFBC}") = "MonkeyCacheExample.Android", "MonkeyCacheExample\MonkeyCacheExample.Android\MonkeyCacheExample.Android.csproj", "{0F2C1E2F-AB6B-4266-9D4E-631E4E3EFC52}"
EndProject
Project("{FAE04EC0-301F-11D3-BF4B-00C04F79EFBC}") = "MonkeyCacheExample.iOS", "MonkeyCacheExample\MonkeyCacheExample.iOS\MonkeyCacheExample.iOS.csproj", "{E26B58E5-DDD0-4E5C-9BED-EB6258B8CFBA}"
EndProject
Project("{9A19103F-16F7-4668-BE54-9A1E7A4F7556}") = "MonkeyCacheExample", "MonkeyCacheExample\MonkeyCacheExample\MonkeyCacheExample.csproj", "{6A4E8669-0265-495F-AB09-AE47C35C3644}"
EndProject
Project("{2150E333-8FDC-42A3-9474-1A3956D46DE8}") = "MC", "MC", "{C817621A-5BDF-409F-920B-018DDEECD589}"
EndProject
Project("{2150E333-8FDC-42A3-9474-1A3956D46DE8}") = "A", "A", "{C202B3B6-724E-4651-A705-2902E2D28F19}"
EndProject
Project("{FAE04EC0-301F-11D3-BF4B-00C04F79EFBC}") = "AkavacheApp.Android", "AkavacheApp\AkavacheApp.Android\AkavacheApp.Android.csproj", "{FA17472C-3B29-44AE-AD01-28DC688329B5}"
EndProject
Project("{FAE04EC0-301F-11D3-BF4B-00C04F79EFBC}") = "AkavacheApp.iOS", "AkavacheApp\AkavacheApp.iOS\AkavacheApp.iOS.csproj", "{423129D1-10C1-4557-9AEB-2544FF2846B0}"
EndProject
Project("{9A19103F-16F7-4668-BE54-9A1E7A4F7556}") = "AkavacheApp", "AkavacheApp\AkavacheApp\AkavacheApp.csproj", "{5691EB97-C25F-4E40-9A64-01A105ED66E8}"
EndProject
Project("{2150E333-8FDC-42A3-9474-1A3956D46DE8}") = "R15.07", "R15.07", "{2F5C4086-A081-4149-BD48-C65998D77C3B}"
EndProject
Project("{FAE04EC0-301F-11D3-BF4B-00C04F79EFBC}") = "RealApp1.Android", "RealApp1\RealApp1.Android\RealApp1.Android.csproj", "{3BD46BF1-6801-48F3-A9F5-CEE1F52C744D}"
EndProject
Project("{FAE04EC0-301F-11D3-BF4B-00C04F79EFBC}") = "RealApp1.iOS", "RealApp1\RealApp1.iOS\RealApp1.iOS.csproj", "{1E3FF2F7-FFD0-41AD-890B-BE5C6CE694A9}"
EndProject
Project("{9A19103F-16F7-4668-BE54-9A1E7A4F7556}") = "RealApp1", "RealApp1\RealApp1\RealApp1.csproj", "{851E3D3C-1565-4D2F-A9F3-AF452A9A0CE6}"
EndProject
Project("{2150E333-8FDC-42A3-9474-1A3956D46DE8}") = "SQLiteApp", "SQLiteApp", "{A8DA9862-E68D-42F0-B88E-53C4D6EDA9DE}"
EndProject
Project("{FAE04EC0-301F-11D3-BF4B-00C04F79EFBC}") = "SQLiteApplication.Android", "SQLiteApplication\SQLiteApplication.Android\SQLiteApplication.Android.csproj", "{627BE37A-5133-49A9-BF64-84B15E81685F}"
EndProject
Project("{FAE04EC0-301F-11D3-BF4B-00C04F79EFBC}") = "SQLiteApplication.iOS", "SQLiteApplication\SQLiteApplication.iOS\SQLiteApplication.iOS.csproj", "{778659AD-7892-4E5E-AE5C-17349AB8F1F7}"
EndProject
Project("{FAE04EC0-301F-11D3-BF4B-00C04F79EFBC}") = "SQLiteApplication", "SQLiteApplication\SQLiteApplication\SQLiteApplication.csproj", "{1AECC346-1480-4086-8E03-84724ECCF26C}"
EndProject
Global
	GlobalSection(SolutionConfigurationPlatforms) = preSolution
		Debug|Any CPU = Debug|Any CPU
		Debug|iPhone = Debug|iPhone
		Debug|iPhoneSimulator = Debug|iPhoneSimulator
		Release|Any CPU = Release|Any CPU
		Release|iPhone = Release|iPhone
		Release|iPhoneSimulator = Release|iPhoneSimulator
	EndGlobalSection
	GlobalSection(ProjectConfigurationPlatforms) = postSolution
		{0F2C1E2F-AB6B-4266-9D4E-631E4E3EFC52}.Debug|Any CPU.ActiveCfg = Debug|Any CPU
		{0F2C1E2F-AB6B-4266-9D4E-631E4E3EFC52}.Debug|Any CPU.Build.0 = Debug|Any CPU
		{0F2C1E2F-AB6B-4266-9D4E-631E4E3EFC52}.Debug|Any CPU.Deploy.0 = Debug|Any CPU
		{0F2C1E2F-AB6B-4266-9D4E-631E4E3EFC52}.Debug|iPhone.ActiveCfg = Debug|Any CPU
		{0F2C1E2F-AB6B-4266-9D4E-631E4E3EFC52}.Debug|iPhone.Build.0 = Debug|Any CPU
		{0F2C1E2F-AB6B-4266-9D4E-631E4E3EFC52}.Debug|iPhone.Deploy.0 = Debug|Any CPU
		{0F2C1E2F-AB6B-4266-9D4E-631E4E3EFC52}.Debug|iPhoneSimulator.ActiveCfg = Debug|Any CPU
		{0F2C1E2F-AB6B-4266-9D4E-631E4E3EFC52}.Debug|iPhoneSimulator.Build.0 = Debug|Any CPU
		{0F2C1E2F-AB6B-4266-9D4E-631E4E3EFC52}.Debug|iPhoneSimulator.Deploy.0 = Debug|Any CPU
		{0F2C1E2F-AB6B-4266-9D4E-631E4E3EFC52}.Release|Any CPU.ActiveCfg = Release|Any CPU
		{0F2C1E2F-AB6B-4266-9D4E-631E4E3EFC52}.Release|Any CPU.Build.0 = Release|Any CPU
		{0F2C1E2F-AB6B-4266-9D4E-631E4E3EFC52}.Release|Any CPU.Deploy.0 = Release|Any CPU
		{0F2C1E2F-AB6B-4266-9D4E-631E4E3EFC52}.Release|iPhone.ActiveCfg = Release|Any CPU
		{0F2C1E2F-AB6B-4266-9D4E-631E4E3EFC52}.Release|iPhone.Build.0 = Release|Any CPU
		{0F2C1E2F-AB6B-4266-9D4E-631E4E3EFC52}.Release|iPhone.Deploy.0 = Release|Any CPU
		{0F2C1E2F-AB6B-4266-9D4E-631E4E3EFC52}.Release|iPhoneSimulator.ActiveCfg = Release|Any CPU
		{0F2C1E2F-AB6B-4266-9D4E-631E4E3EFC52}.Release|iPhoneSimulator.Build.0 = Release|Any CPU
		{0F2C1E2F-AB6B-4266-9D4E-631E4E3EFC52}.Release|iPhoneSimulator.Deploy.0 = Release|Any CPU
		{E26B58E5-DDD0-4E5C-9BED-EB6258B8CFBA}.Debug|Any CPU.ActiveCfg = Debug|iPhoneSimulator
		{E26B58E5-DDD0-4E5C-9BED-EB6258B8CFBA}.Debug|iPhone.ActiveCfg = Debug|iPhone
		{E26B58E5-DDD0-4E5C-9BED-EB6258B8CFBA}.Debug|iPhone.Build.0 = Debug|iPhone
		{E26B58E5-DDD0-4E5C-9BED-EB6258B8CFBA}.Debug|iPhoneSimulator.ActiveCfg = Debug|iPhoneSimulator
		{E26B58E5-DDD0-4E5C-9BED-EB6258B8CFBA}.Debug|iPhoneSimulator.Build.0 = Debug|iPhoneSimulator
		{E26B58E5-DDD0-4E5C-9BED-EB6258B8CFBA}.Release|Any CPU.ActiveCfg = Release|iPhoneSimulator
		{E26B58E5-DDD0-4E5C-9BED-EB6258B8CFBA}.Release|iPhone.ActiveCfg = Release|iPhone
		{E26B58E5-DDD0-4E5C-9BED-EB6258B8CFBA}.Release|iPhone.Build.0 = Release|iPhone
		{E26B58E5-DDD0-4E5C-9BED-EB6258B8CFBA}.Release|iPhoneSimulator.ActiveCfg = Release|iPhoneSimulator
		{E26B58E5-DDD0-4E5C-9BED-EB6258B8CFBA}.Release|iPhoneSimulator.Build.0 = Release|iPhoneSimulator
		{6A4E8669-0265-495F-AB09-AE47C35C3644}.Debug|Any CPU.ActiveCfg = Debug|Any CPU
		{6A4E8669-0265-495F-AB09-AE47C35C3644}.Debug|Any CPU.Build.0 = Debug|Any CPU
		{6A4E8669-0265-495F-AB09-AE47C35C3644}.Debug|iPhone.ActiveCfg = Debug|Any CPU
		{6A4E8669-0265-495F-AB09-AE47C35C3644}.Debug|iPhone.Build.0 = Debug|Any CPU
		{6A4E8669-0265-495F-AB09-AE47C35C3644}.Debug|iPhoneSimulator.ActiveCfg = Debug|Any CPU
		{6A4E8669-0265-495F-AB09-AE47C35C3644}.Debug|iPhoneSimulator.Build.0 = Debug|Any CPU
		{6A4E8669-0265-495F-AB09-AE47C35C3644}.Release|Any CPU.ActiveCfg = Release|Any CPU
		{6A4E8669-0265-495F-AB09-AE47C35C3644}.Release|Any CPU.Build.0 = Release|Any CPU
		{6A4E8669-0265-495F-AB09-AE47C35C3644}.Release|iPhone.ActiveCfg = Release|Any CPU
		{6A4E8669-0265-495F-AB09-AE47C35C3644}.Release|iPhone.Build.0 = Release|Any CPU
		{6A4E8669-0265-495F-AB09-AE47C35C3644}.Release|iPhoneSimulator.ActiveCfg = Release|Any CPU
		{6A4E8669-0265-495F-AB09-AE47C35C3644}.Release|iPhoneSimulator.Build.0 = Release|Any CPU
		{FA17472C-3B29-44AE-AD01-28DC688329B5}.Debug|Any CPU.ActiveCfg = Debug|Any CPU
		{FA17472C-3B29-44AE-AD01-28DC688329B5}.Debug|Any CPU.Build.0 = Debug|Any CPU
		{FA17472C-3B29-44AE-AD01-28DC688329B5}.Debug|Any CPU.Deploy.0 = Debug|Any CPU
		{FA17472C-3B29-44AE-AD01-28DC688329B5}.Debug|iPhone.ActiveCfg = Debug|Any CPU
		{FA17472C-3B29-44AE-AD01-28DC688329B5}.Debug|iPhone.Build.0 = Debug|Any CPU
		{FA17472C-3B29-44AE-AD01-28DC688329B5}.Debug|iPhone.Deploy.0 = Debug|Any CPU
		{FA17472C-3B29-44AE-AD01-28DC688329B5}.Debug|iPhoneSimulator.ActiveCfg = Debug|Any CPU
		{FA17472C-3B29-44AE-AD01-28DC688329B5}.Debug|iPhoneSimulator.Build.0 = Debug|Any CPU
		{FA17472C-3B29-44AE-AD01-28DC688329B5}.Debug|iPhoneSimulator.Deploy.0 = Debug|Any CPU
		{FA17472C-3B29-44AE-AD01-28DC688329B5}.Release|Any CPU.ActiveCfg = Release|Any CPU
		{FA17472C-3B29-44AE-AD01-28DC688329B5}.Release|Any CPU.Build.0 = Release|Any CPU
		{FA17472C-3B29-44AE-AD01-28DC688329B5}.Release|Any CPU.Deploy.0 = Release|Any CPU
		{FA17472C-3B29-44AE-AD01-28DC688329B5}.Release|iPhone.ActiveCfg = Release|Any CPU
		{FA17472C-3B29-44AE-AD01-28DC688329B5}.Release|iPhone.Build.0 = Release|Any CPU
		{FA17472C-3B29-44AE-AD01-28DC688329B5}.Release|iPhone.Deploy.0 = Release|Any CPU
		{FA17472C-3B29-44AE-AD01-28DC688329B5}.Release|iPhoneSimulator.ActiveCfg = Release|Any CPU
		{FA17472C-3B29-44AE-AD01-28DC688329B5}.Release|iPhoneSimulator.Build.0 = Release|Any CPU
		{FA17472C-3B29-44AE-AD01-28DC688329B5}.Release|iPhoneSimulator.Deploy.0 = Release|Any CPU
		{423129D1-10C1-4557-9AEB-2544FF2846B0}.Debug|Any CPU.ActiveCfg = Debug|iPhoneSimulator
		{423129D1-10C1-4557-9AEB-2544FF2846B0}.Debug|iPhone.ActiveCfg = Debug|iPhone
		{423129D1-10C1-4557-9AEB-2544FF2846B0}.Debug|iPhone.Build.0 = Debug|iPhone
		{423129D1-10C1-4557-9AEB-2544FF2846B0}.Debug|iPhoneSimulator.ActiveCfg = Debug|iPhoneSimulator
		{423129D1-10C1-4557-9AEB-2544FF2846B0}.Debug|iPhoneSimulator.Build.0 = Debug|iPhoneSimulator
		{423129D1-10C1-4557-9AEB-2544FF2846B0}.Release|Any CPU.ActiveCfg = Release|iPhoneSimulator
		{423129D1-10C1-4557-9AEB-2544FF2846B0}.Release|iPhone.ActiveCfg = Release|iPhone
		{423129D1-10C1-4557-9AEB-2544FF2846B0}.Release|iPhone.Build.0 = Release|iPhone
		{423129D1-10C1-4557-9AEB-2544FF2846B0}.Release|iPhoneSimulator.ActiveCfg = Release|iPhoneSimulator
		{423129D1-10C1-4557-9AEB-2544FF2846B0}.Release|iPhoneSimulator.Build.0 = Release|iPhoneSimulator
		{5691EB97-C25F-4E40-9A64-01A105ED66E8}.Debug|Any CPU.ActiveCfg = Debug|Any CPU
		{5691EB97-C25F-4E40-9A64-01A105ED66E8}.Debug|Any CPU.Build.0 = Debug|Any CPU
		{5691EB97-C25F-4E40-9A64-01A105ED66E8}.Debug|iPhone.ActiveCfg = Debug|Any CPU
		{5691EB97-C25F-4E40-9A64-01A105ED66E8}.Debug|iPhone.Build.0 = Debug|Any CPU
		{5691EB97-C25F-4E40-9A64-01A105ED66E8}.Debug|iPhoneSimulator.ActiveCfg = Debug|Any CPU
		{5691EB97-C25F-4E40-9A64-01A105ED66E8}.Debug|iPhoneSimulator.Build.0 = Debug|Any CPU
		{5691EB97-C25F-4E40-9A64-01A105ED66E8}.Release|Any CPU.ActiveCfg = Release|Any CPU
		{5691EB97-C25F-4E40-9A64-01A105ED66E8}.Release|Any CPU.Build.0 = Release|Any CPU
		{5691EB97-C25F-4E40-9A64-01A105ED66E8}.Release|iPhone.ActiveCfg = Release|Any CPU
		{5691EB97-C25F-4E40-9A64-01A105ED66E8}.Release|iPhone.Build.0 = Release|Any CPU
		{5691EB97-C25F-4E40-9A64-01A105ED66E8}.Release|iPhoneSimulator.ActiveCfg = Release|Any CPU
		{5691EB97-C25F-4E40-9A64-01A105ED66E8}.Release|iPhoneSimulator.Build.0 = Release|Any CPU
		{3BD46BF1-6801-48F3-A9F5-CEE1F52C744D}.Debug|Any CPU.ActiveCfg = Debug|Any CPU
		{3BD46BF1-6801-48F3-A9F5-CEE1F52C744D}.Debug|Any CPU.Build.0 = Debug|Any CPU
		{3BD46BF1-6801-48F3-A9F5-CEE1F52C744D}.Debug|Any CPU.Deploy.0 = Debug|Any CPU
		{3BD46BF1-6801-48F3-A9F5-CEE1F52C744D}.Debug|iPhone.ActiveCfg = Debug|Any CPU
		{3BD46BF1-6801-48F3-A9F5-CEE1F52C744D}.Debug|iPhone.Build.0 = Debug|Any CPU
		{3BD46BF1-6801-48F3-A9F5-CEE1F52C744D}.Debug|iPhone.Deploy.0 = Debug|Any CPU
		{3BD46BF1-6801-48F3-A9F5-CEE1F52C744D}.Debug|iPhoneSimulator.ActiveCfg = Debug|Any CPU
		{3BD46BF1-6801-48F3-A9F5-CEE1F52C744D}.Debug|iPhoneSimulator.Build.0 = Debug|Any CPU
		{3BD46BF1-6801-48F3-A9F5-CEE1F52C744D}.Debug|iPhoneSimulator.Deploy.0 = Debug|Any CPU
		{3BD46BF1-6801-48F3-A9F5-CEE1F52C744D}.Release|Any CPU.ActiveCfg = Release|Any CPU
		{3BD46BF1-6801-48F3-A9F5-CEE1F52C744D}.Release|Any CPU.Build.0 = Release|Any CPU
		{3BD46BF1-6801-48F3-A9F5-CEE1F52C744D}.Release|Any CPU.Deploy.0 = Release|Any CPU
		{3BD46BF1-6801-48F3-A9F5-CEE1F52C744D}.Release|iPhone.ActiveCfg = Release|Any CPU
		{3BD46BF1-6801-48F3-A9F5-CEE1F52C744D}.Release|iPhone.Build.0 = Release|Any CPU
		{3BD46BF1-6801-48F3-A9F5-CEE1F52C744D}.Release|iPhone.Deploy.0 = Release|Any CPU
		{3BD46BF1-6801-48F3-A9F5-CEE1F52C744D}.Release|iPhoneSimulator.ActiveCfg = Release|Any CPU
		{3BD46BF1-6801-48F3-A9F5-CEE1F52C744D}.Release|iPhoneSimulator.Build.0 = Release|Any CPU
		{3BD46BF1-6801-48F3-A9F5-CEE1F52C744D}.Release|iPhoneSimulator.Deploy.0 = Release|Any CPU
		{1E3FF2F7-FFD0-41AD-890B-BE5C6CE694A9}.Debug|Any CPU.ActiveCfg = Debug|iPhoneSimulator
		{1E3FF2F7-FFD0-41AD-890B-BE5C6CE694A9}.Debug|iPhone.ActiveCfg = Debug|iPhone
		{1E3FF2F7-FFD0-41AD-890B-BE5C6CE694A9}.Debug|iPhone.Build.0 = Debug|iPhone
		{1E3FF2F7-FFD0-41AD-890B-BE5C6CE694A9}.Debug|iPhoneSimulator.ActiveCfg = Debug|iPhoneSimulator
		{1E3FF2F7-FFD0-41AD-890B-BE5C6CE694A9}.Debug|iPhoneSimulator.Build.0 = Debug|iPhoneSimulator
		{1E3FF2F7-FFD0-41AD-890B-BE5C6CE694A9}.Release|Any CPU.ActiveCfg = Release|iPhoneSimulator
		{1E3FF2F7-FFD0-41AD-890B-BE5C6CE694A9}.Release|iPhone.ActiveCfg = Release|iPhone
		{1E3FF2F7-FFD0-41AD-890B-BE5C6CE694A9}.Release|iPhone.Build.0 = Release|iPhone
		{1E3FF2F7-FFD0-41AD-890B-BE5C6CE694A9}.Release|iPhoneSimulator.ActiveCfg = Release|iPhoneSimulator
		{1E3FF2F7-FFD0-41AD-890B-BE5C6CE694A9}.Release|iPhoneSimulator.Build.0 = Release|iPhoneSimulator
		{851E3D3C-1565-4D2F-A9F3-AF452A9A0CE6}.Debug|Any CPU.ActiveCfg = Debug|Any CPU
		{851E3D3C-1565-4D2F-A9F3-AF452A9A0CE6}.Debug|Any CPU.Build.0 = Debug|Any CPU
		{851E3D3C-1565-4D2F-A9F3-AF452A9A0CE6}.Debug|iPhone.ActiveCfg = Debug|Any CPU
		{851E3D3C-1565-4D2F-A9F3-AF452A9A0CE6}.Debug|iPhone.Build.0 = Debug|Any CPU
		{851E3D3C-1565-4D2F-A9F3-AF452A9A0CE6}.Debug|iPhoneSimulator.ActiveCfg = Debug|Any CPU
		{851E3D3C-1565-4D2F-A9F3-AF452A9A0CE6}.Debug|iPhoneSimulator.Build.0 = Debug|Any CPU
		{851E3D3C-1565-4D2F-A9F3-AF452A9A0CE6}.Release|Any CPU.ActiveCfg = Release|Any CPU
		{851E3D3C-1565-4D2F-A9F3-AF452A9A0CE6}.Release|Any CPU.Build.0 = Release|Any CPU
		{851E3D3C-1565-4D2F-A9F3-AF452A9A0CE6}.Release|iPhone.ActiveCfg = Release|Any CPU
		{851E3D3C-1565-4D2F-A9F3-AF452A9A0CE6}.Release|iPhone.Build.0 = Release|Any CPU
		{851E3D3C-1565-4D2F-A9F3-AF452A9A0CE6}.Release|iPhoneSimulator.ActiveCfg = Release|Any CPU
		{851E3D3C-1565-4D2F-A9F3-AF452A9A0CE6}.Release|iPhoneSimulator.Build.0 = Release|Any CPU
		{627BE37A-5133-49A9-BF64-84B15E81685F}.Debug|Any CPU.ActiveCfg = Debug|Any CPU
		{627BE37A-5133-49A9-BF64-84B15E81685F}.Debug|Any CPU.Build.0 = Debug|Any CPU
		{627BE37A-5133-49A9-BF64-84B15E81685F}.Debug|Any CPU.Deploy.0 = Debug|Any CPU
		{627BE37A-5133-49A9-BF64-84B15E81685F}.Debug|iPhone.ActiveCfg = Debug|Any CPU
		{627BE37A-5133-49A9-BF64-84B15E81685F}.Debug|iPhone.Build.0 = Debug|Any CPU
		{627BE37A-5133-49A9-BF64-84B15E81685F}.Debug|iPhone.Deploy.0 = Debug|Any CPU
		{627BE37A-5133-49A9-BF64-84B15E81685F}.Debug|iPhoneSimulator.ActiveCfg = Debug|Any CPU
		{627BE37A-5133-49A9-BF64-84B15E81685F}.Debug|iPhoneSimulator.Build.0 = Debug|Any CPU
		{627BE37A-5133-49A9-BF64-84B15E81685F}.Debug|iPhoneSimulator.Deploy.0 = Debug|Any CPU
		{627BE37A-5133-49A9-BF64-84B15E81685F}.Release|Any CPU.ActiveCfg = Release|Any CPU
		{627BE37A-5133-49A9-BF64-84B15E81685F}.Release|Any CPU.Build.0 = Release|Any CPU
		{627BE37A-5133-49A9-BF64-84B15E81685F}.Release|Any CPU.Deploy.0 = Release|Any CPU
		{627BE37A-5133-49A9-BF64-84B15E81685F}.Release|iPhone.ActiveCfg = Release|Any CPU
		{627BE37A-5133-49A9-BF64-84B15E81685F}.Release|iPhone.Build.0 = Release|Any CPU
		{627BE37A-5133-49A9-BF64-84B15E81685F}.Release|iPhone.Deploy.0 = Release|Any CPU
		{627BE37A-5133-49A9-BF64-84B15E81685F}.Release|iPhoneSimulator.ActiveCfg = Release|Any CPU
		{627BE37A-5133-49A9-BF64-84B15E81685F}.Release|iPhoneSimulator.Build.0 = Release|Any CPU
		{627BE37A-5133-49A9-BF64-84B15E81685F}.Release|iPhoneSimulator.Deploy.0 = Release|Any CPU
		{778659AD-7892-4E5E-AE5C-17349AB8F1F7}.Debug|Any CPU.ActiveCfg = Debug|iPhoneSimulator
		{778659AD-7892-4E5E-AE5C-17349AB8F1F7}.Debug|iPhone.ActiveCfg = Debug|iPhone
		{778659AD-7892-4E5E-AE5C-17349AB8F1F7}.Debug|iPhone.Build.0 = Debug|iPhone
		{778659AD-7892-4E5E-AE5C-17349AB8F1F7}.Debug|iPhoneSimulator.ActiveCfg = Debug|iPhoneSimulator
		{778659AD-7892-4E5E-AE5C-17349AB8F1F7}.Debug|iPhoneSimulator.Build.0 = Debug|iPhoneSimulator
		{778659AD-7892-4E5E-AE5C-17349AB8F1F7}.Release|Any CPU.ActiveCfg = Release|iPhoneSimulator
		{778659AD-7892-4E5E-AE5C-17349AB8F1F7}.Release|iPhone.ActiveCfg = Release|iPhone
		{778659AD-7892-4E5E-AE5C-17349AB8F1F7}.Release|iPhone.Build.0 = Release|iPhone
		{778659AD-7892-4E5E-AE5C-17349AB8F1F7}.Release|iPhoneSimulator.ActiveCfg = Release|iPhoneSimulator
		{778659AD-7892-4E5E-AE5C-17349AB8F1F7}.Release|iPhoneSimulator.Build.0 = Release|iPhoneSimulator
		{1AECC346-1480-4086-8E03-84724ECCF26C}.Debug|Any CPU.ActiveCfg = Debug|Any CPU
		{1AECC346-1480-4086-8E03-84724ECCF26C}.Debug|Any CPU.Build.0 = Debug|Any CPU
		{1AECC346-1480-4086-8E03-84724ECCF26C}.Debug|iPhone.ActiveCfg = Debug|Any CPU
		{1AECC346-1480-4086-8E03-84724ECCF26C}.Debug|iPhone.Build.0 = Debug|Any CPU
		{1AECC346-1480-4086-8E03-84724ECCF26C}.Debug|iPhoneSimulator.ActiveCfg = Debug|Any CPU
		{1AECC346-1480-4086-8E03-84724ECCF26C}.Debug|iPhoneSimulator.Build.0 = Debug|Any CPU
		{1AECC346-1480-4086-8E03-84724ECCF26C}.Release|Any CPU.ActiveCfg = Release|Any CPU
		{1AECC346-1480-4086-8E03-84724ECCF26C}.Release|Any CPU.Build.0 = Release|Any CPU
		{1AECC346-1480-4086-8E03-84724ECCF26C}.Release|iPhone.ActiveCfg = Release|Any CPU
		{1AECC346-1480-4086-8E03-84724ECCF26C}.Release|iPhone.Build.0 = Release|Any CPU
		{1AECC346-1480-4086-8E03-84724ECCF26C}.Release|iPhoneSimulator.ActiveCfg = Release|Any CPU
		{1AECC346-1480-4086-8E03-84724ECCF26C}.Release|iPhoneSimulator.Build.0 = Release|Any CPU
	EndGlobalSection
	GlobalSection(SolutionProperties) = preSolution
		HideSolutionNode = FALSE
	EndGlobalSection
	GlobalSection(NestedProjects) = preSolution
		{0F2C1E2F-AB6B-4266-9D4E-631E4E3EFC52} = {C817621A-5BDF-409F-920B-018DDEECD589}
		{E26B58E5-DDD0-4E5C-9BED-EB6258B8CFBA} = {C817621A-5BDF-409F-920B-018DDEECD589}
		{6A4E8669-0265-495F-AB09-AE47C35C3644} = {C817621A-5BDF-409F-920B-018DDEECD589}
		{FA17472C-3B29-44AE-AD01-28DC688329B5} = {C202B3B6-724E-4651-A705-2902E2D28F19}
		{423129D1-10C1-4557-9AEB-2544FF2846B0} = {C202B3B6-724E-4651-A705-2902E2D28F19}
		{5691EB97-C25F-4E40-9A64-01A105ED66E8} = {C202B3B6-724E-4651-A705-2902E2D28F19}
		{3BD46BF1-6801-48F3-A9F5-CEE1F52C744D} = {2F5C4086-A081-4149-BD48-C65998D77C3B}
		{1E3FF2F7-FFD0-41AD-890B-BE5C6CE694A9} = {2F5C4086-A081-4149-BD48-C65998D77C3B}
		{851E3D3C-1565-4D2F-A9F3-AF452A9A0CE6} = {2F5C4086-A081-4149-BD48-C65998D77C3B}
		{627BE37A-5133-49A9-BF64-84B15E81685F} = {A8DA9862-E68D-42F0-B88E-53C4D6EDA9DE}
		{778659AD-7892-4E5E-AE5C-17349AB8F1F7} = {A8DA9862-E68D-42F0-B88E-53C4D6EDA9DE}
		{1AECC346-1480-4086-8E03-84724ECCF26C} = {A8DA9862-E68D-42F0-B88E-53C4D6EDA9DE}
	EndGlobalSection
	GlobalSection(ExtensibilityGlobals) = postSolution
		SolutionGuid = {DEC22FC6-62DC-4115-B3C4-C161D87F54C5}
	EndGlobalSection
EndGlobal
